{
  "name": "example",
  "version": "1.0.0",
  "lockfileVersion": 1,
  "requires": true,
  "dependencies": {
    "camelcase": {
      "version": "6.2.0",
      "resolved": "https://registry.npmjs.org/camelcase/-/camelcase-6.2.0.tgz",
      "integrity": "sha512-c7wVvbw3f37nuobQNtgsgG9POC9qMbNuMQmTCqZv23b6MIz0fcYpBiOlv9gEN/hdLdnZTDQhg6e9Dq5M1vKvfg==",
      "dev": true
    },
    "typescript": {
      "version": "4.4.2",
      "resolved": "https://registry.npmjs.org/typescript/-/typescript-4.4.2.tgz",
      "integrity": "sha512-gzP+t5W4hdy4c+68bfcv0t400HVJMMd2+H9B7gae1nQlBzCqvrXX+6GL/b3GAgyTH966pzrZ70/fRjwAtZksSQ==",
      "dev": true
    },
    "typescript-plugin-namespace-import": {
      "version": "0.3.1",
      "resolved": "https://registry.npmjs.org/typescript-plugin-namespace-import/-/typescript-plugin-namespace-import-0.3.1.tgz",
      "integrity": "sha512-E4Dd5X6dvHkBErW1qOi5NvxMm7WIArdgmB1Wa3V8y6jxqsu4LWLfV5CDNgsXwnQMf1z2ERQmknyJraMqgeEYeA==",
      "dev": true,
      "requires": {
        "camelcase": "^6.2.0",
        "typescript": "^4.3.5"
      }
    }
  }
}
